{
  "nodes": {
    "coosis-nix": {
      "inputs": {
        "nixpkgs": "nixpkgs"
      },
      "locked": {
        "lastModified": 1735030164,
        "narHash": "sha256-yv1/o0ZFgZCsBtD/AGpOISN5o9h5o4eM0y0Hxnq9NdA=",
        "owner": "Coosis",
        "repo": "coosis-nix",
        "rev": "a10cef74b4e2448141cf02ea5ff726ac71500fdf",
        "type": "github"
      },
      "original": {
        "owner": "Coosis",
        "repo": "coosis-nix",
        "type": "github"
      }
    },
    "nixpkgs": {
      "locked": {
        "lastModified": 1734856068,
        "narHash": "sha256-Q+CB1ajsJg4Z9HGHTBAGY1q18KpnnkmF/eCTLUY6FQ0=",
        "owner": "NixOS",
        "repo": "nixpkgs",
        "rev": "93ff48c9be84a76319dac293733df09bbbe3f25c",
        "type": "github"
      },
      "original": {
        "owner": "NixOS",
        "ref": "nixpkgs-unstable",
        "repo": "nixpkgs",
        "type": "github"
      }
    },
    "nixpkgs_2": {
      "locked": {
        "lastModified": 1737469691,
        "narHash": "sha256-nmKOgAU48S41dTPIXAq0AHZSehWUn6ZPrUKijHAMmIk=",
        "owner": "nixos",
        "repo": "nixpkgs",
        "rev": "9e4d5190a9482a1fb9d18adf0bdb83c6e506eaab",
        "type": "github"
      },
      "original": {
        "owner": "nixos",
        "ref": "nixos-unstable",
        "repo": "nixpkgs",
        "type": "github"
      }
    },
    "root": {
      "inputs": {
        "coosis-nix": "coosis-nix",
        "nixpkgs": "nixpkgs_2"
      }
    }
  },
  "root": "root",
  "version": 7
}
